
Microsoft Visual Studio Solution File, Format Version 12.00
# Visual Studio Version 17
VisualStudioVersion = 17.13.35617.110 d17.13
MinimumVisualStudioVersion = 10.0.40219.1
Project("{54A90642-561A-4BB1-A94E-469ADEE60C69}") = "app.pass.io", "app.pass.io.esproj", "{D0232D14-DF83-7329-48F8-B1FA002C8D25}"
EndProject
Global
	GlobalSection(SolutionConfigurationPlatforms) = preSolution
		Debug|Any CPU = Debug|Any CPU
		Release|Any CPU = Release|Any CPU
	EndGlobalSection
	GlobalSection(ProjectConfigurationPlatforms) = postSolution
		{D0232D14-DF83-7329-48F8-B1FA002C8D25}.Debug|Any CPU.ActiveCfg = Debug|Any CPU
		{D0232D14-DF83-7329-48F8-B1FA002C8D25}.Debug|Any CPU.Build.0 = Debug|Any CPU
		{D0232D14-DF83-7329-48F8-B1FA002C8D25}.Debug|Any CPU.Deploy.0 = Debug|Any CPU
		{D0232D14-DF83-7329-48F8-B1FA002C8D25}.Release|Any CPU.ActiveCfg = Release|Any CPU
		{D0232D14-DF83-7329-48F8-B1FA002C8D25}.Release|Any CPU.Build.0 = Release|Any CPU
		{D0232D14-DF83-7329-48F8-B1FA002C8D25}.Release|Any CPU.Deploy.0 = Release|Any CPU
	EndGlobalSection
	GlobalSection(SolutionProperties) = preSolution
		HideSolutionNode = FALSE
	EndGlobalSection
	GlobalSection(ExtensibilityGlobals) = postSolution
		SolutionGuid = {24809552-8988-41BF-B4A3-B8EB983983FC}
	EndGlobalSection
EndGlobal
